// !$*UTF8*$!
{
	archiveVersion = 1;
	classes = {
	};
	objectVersion = 46;
	objects = {

/* Begin PBXBuildFile section */
		BD0B7A181E0A0DDC0096A919 /* main.m in Sources */ = {isa = PBXBuildFile; fileRef = BD0B7A171E0A0DDC0096A919 /* main.m */; };
		BD0B7A1B1E0A0DDC0096A919 /* AppDelegate.m in Sources */ = {isa = PBXBuildFile; fileRef = BD0B7A1A1E0A0DDC0096A919 /* AppDelegate.m */; };
		BD0B7A1E1E0A0DDC0096A919 /* ViewController.m in Sources */ = {isa = PBXBuildFile; fileRef = BD0B7A1D1E0A0DDC0096A919 /* ViewController.m */; };
		BD0B7A231E0A0DDC0096A919 /* Assets.xcassets in Resources */ = {isa = PBXBuildFile; fileRef = BD0B7A221E0A0DDC0096A919 /* Assets.xcassets */; };
		BD0B7A261E0A0DDC0096A919 /* LaunchScreen.storyboard in Resources */ = {isa = PBXBuildFile; fileRef = BD0B7A241E0A0DDC0096A919 /* LaunchScreen.storyboard */; };
		BD0B7A311E0A0DDC0096A919 /* YZXBarChartViewTests.m in Sources */ = {isa = PBXBuildFile; fileRef = BD0B7A301E0A0DDC0096A919 /* YZXBarChartViewTests.m */; };
		BD0B7A3C1E0A0DDC0096A919 /* YZXBarChartViewUITests.m in Sources */ = {isa = PBXBuildFile; fileRef = BD0B7A3B1E0A0DDC0096A919 /* YZXBarChartViewUITests.m */; };
		BD2859BD1E0CB21E002169E0 /* YZXBarChartView.m in Sources */ = {isa = PBXBuildFile; fileRef = BD2859BC1E0CB21E002169E0 /* YZXBarChartView.m */; };
		BD2859C81E0CFE3A002169E0 /* DataModel.m in Sources */ = {isa = PBXBuildFile; fileRef = BD2859C31E0CFE3A002169E0 /* DataModel.m */; };
		BD2859C91E0CFE3A002169E0 /* ShowTableViewCell.m in Sources */ = {isa = PBXBuildFile; fileRef = BD2859C51E0CFE3A002169E0 /* ShowTableViewCell.m */; };
		BD2859CA1E0CFE3A002169E0 /* ShowViewController.m in Sources */ = {isa = PBXBuildFile; fileRef = BD2859C71E0CFE3A002169E0 /* ShowViewController.m */; };
		BD285A061E0CFE50002169E0 /* IQNSArray+Sort.m in Sources */ = {isa = PBXBuildFile; fileRef = BD2859CE1E0CFE50002169E0 /* IQNSArray+Sort.m */; };
		BD285A071E0CFE50002169E0 /* IQUIScrollView+Additions.m in Sources */ = {isa = PBXBuildFile; fileRef = BD2859D01E0CFE50002169E0 /* IQUIScrollView+Additions.m */; };
		BD285A081E0CFE50002169E0 /* IQUITextFieldView+Additions.m in Sources */ = {isa = PBXBuildFile; fileRef = BD2859D21E0CFE50002169E0 /* IQUITextFieldView+Additions.m */; };
		BD285A091E0CFE50002169E0 /* IQUIView+Hierarchy.m in Sources */ = {isa = PBXBuildFile; fileRef = BD2859D41E0CFE50002169E0 /* IQUIView+Hierarchy.m */; };
		BD285A0A1E0CFE50002169E0 /* IQUIViewController+Additions.m in Sources */ = {isa = PBXBuildFile; fileRef = BD2859D61E0CFE50002169E0 /* IQUIViewController+Additions.m */; };
		BD285A0B1E0CFE50002169E0 /* IQUIWindow+Hierarchy.m in Sources */ = {isa = PBXBuildFile; fileRef = BD2859D81E0CFE50002169E0 /* IQUIWindow+Hierarchy.m */; };
		BD285A0C1E0CFE50002169E0 /* IQKeyboardManager.m in Sources */ = {isa = PBXBuildFile; fileRef = BD2859DD1E0CFE50002169E0 /* IQKeyboardManager.m */; };
		BD285A0D1E0CFE50002169E0 /* IQKeyboardReturnKeyHandler.m in Sources */ = {isa = PBXBuildFile; fileRef = BD2859DF1E0CFE50002169E0 /* IQKeyboardReturnKeyHandler.m */; };
		BD285A0E1E0CFE50002169E0 /* IQTextView.m in Sources */ = {isa = PBXBuildFile; fileRef = BD2859E21E0CFE50002169E0 /* IQTextView.m */; };
		BD285A0F1E0CFE50002169E0 /* IQBarButtonItem.m in Sources */ = {isa = PBXBuildFile; fileRef = BD2859E51E0CFE50002169E0 /* IQBarButtonItem.m */; };
		BD285A101E0CFE50002169E0 /* IQPreviousNextView.m in Sources */ = {isa = PBXBuildFile; fileRef = BD2859E71E0CFE50002169E0 /* IQPreviousNextView.m */; };
		BD285A111E0CFE50002169E0 /* IQTitleBarButtonItem.m in Sources */ = {isa = PBXBuildFile; fileRef = BD2859E91E0CFE50002169E0 /* IQTitleBarButtonItem.m */; };
		BD285A121E0CFE50002169E0 /* IQToolbar.m in Sources */ = {isa = PBXBuildFile; fileRef = BD2859EB1E0CFE50002169E0 /* IQToolbar.m */; };
		BD285A131E0CFE50002169E0 /* IQUIView+IQKeyboardToolbar.m in Sources */ = {isa = PBXBuildFile; fileRef = BD2859ED1E0CFE50002169E0 /* IQUIView+IQKeyboardToolbar.m */; };
		BD285A141E0CFE50002169E0 /* IQKeyboardManager.bundle in Resources */ = {isa = PBXBuildFile; fileRef = BD2859EF1E0CFE50002169E0 /* IQKeyboardManager.bundle */; };
		BD285A151E0CFE50002169E0 /* MJExtensionConst.m in Sources */ = {isa = PBXBuildFile; fileRef = BD2859F31E0CFE50002169E0 /* MJExtensionConst.m */; };
		BD285A161E0CFE50002169E0 /* MJFoundation.m in Sources */ = {isa = PBXBuildFile; fileRef = BD2859F51E0CFE50002169E0 /* MJFoundation.m */; };
		BD285A171E0CFE50002169E0 /* MJProperty.m in Sources */ = {isa = PBXBuildFile; fileRef = BD2859F71E0CFE50002169E0 /* MJProperty.m */; };
		BD285A181E0CFE50002169E0 /* MJPropertyKey.m in Sources */ = {isa = PBXBuildFile; fileRef = BD2859F91E0CFE50002169E0 /* MJPropertyKey.m */; };
		BD285A191E0CFE50002169E0 /* MJPropertyType.m in Sources */ = {isa = PBXBuildFile; fileRef = BD2859FB1E0CFE50002169E0 /* MJPropertyType.m */; };
		BD285A1A1E0CFE50002169E0 /* NSObject+MJClass.m in Sources */ = {isa = PBXBuildFile; fileRef = BD2859FD1E0CFE50002169E0 /* NSObject+MJClass.m */; };
		BD285A1B1E0CFE50002169E0 /* NSObject+MJCoding.m in Sources */ = {isa = PBXBuildFile; fileRef = BD2859FF1E0CFE50002169E0 /* NSObject+MJCoding.m */; };
		BD285A1C1E0CFE50002169E0 /* NSObject+MJKeyValue.m in Sources */ = {isa = PBXBuildFile; fileRef = BD285A011E0CFE50002169E0 /* NSObject+MJKeyValue.m */; };
		BD285A1D1E0CFE50002169E0 /* NSObject+MJProperty.m in Sources */ = {isa = PBXBuildFile; fileRef = BD285A031E0CFE50002169E0 /* NSObject+MJProperty.m */; };
		BD285A1E1E0CFE50002169E0 /* NSString+MJExtension.m in Sources */ = {isa = PBXBuildFile; fileRef = BD285A051E0CFE50002169E0 /* NSString+MJExtension.m */; };
		BD285A211E0CFFA7002169E0 /* ShowTableViewCell.xib in Resources */ = {isa = PBXBuildFile; fileRef = BD285A201E0CFFA7002169E0 /* ShowTableViewCell.xib */; };
		BD285A231E0D002F002169E0 /* ViewController.xib in Resources */ = {isa = PBXBuildFile; fileRef = BD285A221E0D002F002169E0 /* ViewController.xib */; };
/* End PBXBuildFile section */

/* Begin PBXContainerItemProxy section */
		BD0B7A2D1E0A0DDC0096A919 /* PBXContainerItemProxy */ = {
			isa = PBXContainerItemProxy;
			containerPortal = BD0B7A0B1E0A0DDC0096A919 /* Project object */;
			proxyType = 1;
			remoteGlobalIDString = BD0B7A121E0A0DDC0096A919;
			remoteInfo = YZXBarChartView;
		};
		BD0B7A381E0A0DDC0096A919 /* PBXContainerItemProxy */ = {
			isa = PBXContainerItemProxy;
			containerPortal = BD0B7A0B1E0A0DDC0096A919 /* Project object */;
			proxyType = 1;
			remoteGlobalIDString = BD0B7A121E0A0DDC0096A919;
			remoteInfo = YZXBarChartView;
		};
/* End PBXContainerItemProxy section */

/* Begin PBXFileReference section */
		BD0B7A131E0A0DDC0096A919 /* YZXBarChartView.app */ = {isa = PBXFileReference; explicitFileType = wrapper.application; includeInIndex = 0; path = YZXBarChartView.app; sourceTree = BUILT_PRODUCTS_DIR; };
		BD0B7A171E0A0DDC0096A919 /* main.m */ = {isa = PBXFileReference; lastKnownFileType = sourcecode.c.objc; path = main.m; sourceTree = "<group>"; };
		BD0B7A191E0A0DDC0096A919 /* AppDelegate.h */ = {isa = PBXFileReference; lastKnownFileType = sourcecode.c.h; path = AppDelegate.h; sourceTree = "<group>"; };
		BD0B7A1A1E0A0DDC0096A919 /* AppDelegate.m */ = {isa = PBXFileReference; lastKnownFileType = sourcecode.c.objc; path = AppDelegate.m; sourceTree = "<group>"; };
		BD0B7A1C1E0A0DDC0096A919 /* ViewController.h */ = {isa = PBXFileReference; lastKnownFileType = sourcecode.c.h; path = ViewController.h; sourceTree = "<group>"; };
		BD0B7A1D1E0A0DDC0096A919 /* ViewController.m */ = {isa = PBXFileReference; lastKnownFileType = sourcecode.c.objc; path = ViewController.m; sourceTree = "<group>"; };
		BD0B7A221E0A0DDC0096A919 /* Assets.xcassets */ = {isa = PBXFileReference; lastKnownFileType = folder.assetcatalog; path = Assets.xcassets; sourceTree = "<group>"; };
		BD0B7A251E0A0DDC0096A919 /* Base */ = {isa = PBXFileReference; lastKnownFileType = file.storyboard; name = Base; path = Base.lproj/LaunchScreen.storyboard; sourceTree = "<group>"; };
		BD0B7A271E0A0DDC0096A919 /* Info.plist */ = {isa = PBXFileReference; lastKnownFileType = text.plist.xml; path = Info.plist; sourceTree = "<group>"; };
		BD0B7A2C1E0A0DDC0096A919 /* YZXBarChartViewTests.xctest */ = {isa = PBXFileReference; explicitFileType = wrapper.cfbundle; includeInIndex = 0; path = YZXBarChartViewTests.xctest; sourceTree = BUILT_PRODUCTS_DIR; };
		BD0B7A301E0A0DDC0096A919 /* YZXBarChartViewTests.m */ = {isa = PBXFileReference; lastKnownFileType = sourcecode.c.objc; path = YZXBarChartViewTests.m; sourceTree = "<group>"; };
		BD0B7A321E0A0DDC0096A919 /* Info.plist */ = {isa = PBXFileReference; lastKnownFileType = text.plist.xml; path = Info.plist; sourceTree = "<group>"; };
		BD0B7A371E0A0DDC0096A919 /* YZXBarChartViewUITests.xctest */ = {isa = PBXFileReference; explicitFileType = wrapper.cfbundle; includeInIndex = 0; path = YZXBarChartViewUITests.xctest; sourceTree = BUILT_PRODUCTS_DIR; };
		BD0B7A3B1E0A0DDC0096A919 /* YZXBarChartViewUITests.m */ = {isa = PBXFileReference; lastKnownFileType = sourcecode.c.objc; path = YZXBarChartViewUITests.m; sourceTree = "<group>"; };
		BD0B7A3D1E0A0DDC0096A919 /* Info.plist */ = {isa = PBXFileReference; lastKnownFileType = text.plist.xml; path = Info.plist; sourceTree = "<group>"; };
		BD2859BB1E0CB21E002169E0 /* YZXBarChartView.h */ = {isa = PBXFileReference; fileEncoding = 4; lastKnownFileType = sourcecode.c.h; path = YZXBarChartView.h; sourceTree = "<group>"; };
		BD2859BC1E0CB21E002169E0 /* YZXBarChartView.m */ = {isa = PBXFileReference; fileEncoding = 4; lastKnownFileType = sourcecode.c.objc; path = YZXBarChartView.m; sourceTree = "<group>"; };
		BD2859C21E0CFE3A002169E0 /* DataModel.h */ = {isa = PBXFileReference; fileEncoding = 4; lastKnownFileType = sourcecode.c.h; path = DataModel.h; sourceTree = "<group>"; };
		BD2859C31E0CFE3A002169E0 /* DataModel.m */ = {isa = PBXFileReference; fileEncoding = 4; lastKnownFileType = sourcecode.c.objc; path = DataModel.m; sourceTree = "<group>"; };
		BD2859C41E0CFE3A002169E0 /* ShowTableViewCell.h */ = {isa = PBXFileReference; fileEncoding = 4; lastKnownFileType = sourcecode.c.h; path = ShowTableViewCell.h; sourceTree = "<group>"; };
		BD2859C51E0CFE3A002169E0 /* ShowTableViewCell.m */ = {isa = PBXFileReference; fileEncoding = 4; lastKnownFileType = sourcecode.c.objc; path = ShowTableViewCell.m; sourceTree = "<group>"; };
		BD2859C61E0CFE3A002169E0 /* ShowViewController.h */ = {isa = PBXFileReference; fileEncoding = 4; lastKnownFileType = sourcecode.c.h; path = ShowViewController.h; sourceTree = "<group>"; };
		BD2859C71E0CFE3A002169E0 /* ShowViewController.m */ = {isa = PBXFileReference; fileEncoding = 4; lastKnownFileType = sourcecode.c.objc; path = ShowViewController.m; sourceTree = "<group>"; };
		BD2859CD1E0CFE50002169E0 /* IQNSArray+Sort.h */ = {isa = PBXFileReference; fileEncoding = 4; lastKnownFileType = sourcecode.c.h; path = "IQNSArray+Sort.h"; sourceTree = "<group>"; };
		BD2859CE1E0CFE50002169E0 /* IQNSArray+Sort.m */ = {isa = PBXFileReference; fileEncoding = 4; lastKnownFileType = sourcecode.c.objc; path = "IQNSArray+Sort.m"; sourceTree = "<group>"; };
		BD2859CF1E0CFE50002169E0 /* IQUIScrollView+Additions.h */ = {isa = PBXFileReference; fileEncoding = 4; lastKnownFileType = sourcecode.c.h; path = "IQUIScrollView+Additions.h"; sourceTree = "<group>"; };
		BD2859D01E0CFE50002169E0 /* IQUIScrollView+Additions.m */ = {isa = PBXFileReference; fileEncoding = 4; lastKnownFileType = sourcecode.c.objc; path = "IQUIScrollView+Additions.m"; sourceTree = "<group>"; };
		BD2859D11E0CFE50002169E0 /* IQUITextFieldView+Additions.h */ = {isa = PBXFileReference; fileEncoding = 4; lastKnownFileType = sourcecode.c.h; path = "IQUITextFieldView+Additions.h"; sourceTree = "<group>"; };
		BD2859D21E0CFE50002169E0 /* IQUITextFieldView+Additions.m */ = {isa = PBXFileReference; fileEncoding = 4; lastKnownFileType = sourcecode.c.objc; path = "IQUITextFieldView+Additions.m"; sourceTree = "<group>"; };
		BD2859D31E0CFE50002169E0 /* IQUIView+Hierarchy.h */ = {isa = PBXFileReference; fileEncoding = 4; lastKnownFileType = sourcecode.c.h; path = "IQUIView+Hierarchy.h"; sourceTree = "<group>"; };
		BD2859D41E0CFE50002169E0 /* IQUIView+Hierarchy.m */ = {isa = PBXFileReference; fileEncoding = 4; lastKnownFileType = sourcecode.c.objc; path = "IQUIView+Hierarchy.m"; sourceTree = "<group>"; };
		BD2859D51E0CFE50002169E0 /* IQUIViewController+Additions.h */ = {isa = PBXFileReference; fileEncoding = 4; lastKnownFileType = sourcecode.c.h; path = "IQUIViewController+Additions.h"; sourceTree = "<group>"; };
		BD2859D61E0CFE50002169E0 /* IQUIViewController+Additions.m */ = {isa = PBXFileReference; fileEncoding = 4; lastKnownFileType = sourcecode.c.objc; path = "IQUIViewController+Additions.m"; sourceTree = "<group>"; };
		BD2859D71E0CFE50002169E0 /* IQUIWindow+Hierarchy.h */ = {isa = PBXFileReference; fileEncoding = 4; lastKnownFileType = sourcecode.c.h; path = "IQUIWindow+Hierarchy.h"; sourceTree = "<group>"; };
		BD2859D81E0CFE50002169E0 /* IQUIWindow+Hierarchy.m */ = {isa = PBXFileReference; fileEncoding = 4; lastKnownFileType = sourcecode.c.objc; path = "IQUIWindow+Hierarchy.m"; sourceTree = "<group>"; };
		BD2859DA1E0CFE50002169E0 /* IQKeyboardManagerConstants.h */ = {isa = PBXFileReference; fileEncoding = 4; lastKnownFileType = sourcecode.c.h; path = IQKeyboardManagerConstants.h; sourceTree = "<group>"; };
		BD2859DB1E0CFE50002169E0 /* IQKeyboardManagerConstantsInternal.h */ = {isa = PBXFileReference; fileEncoding = 4; lastKnownFileType = sourcecode.c.h; path = IQKeyboardManagerConstantsInternal.h; sourceTree = "<group>"; };
		BD2859DC1E0CFE50002169E0 /* IQKeyboardManager.h */ = {isa = PBXFileReference; fileEncoding = 4; lastKnownFileType = sourcecode.c.h; path = IQKeyboardManager.h; sourceTree = "<group>"; };
		BD2859DD1E0CFE50002169E0 /* IQKeyboardManager.m */ = {isa = PBXFileReference; fileEncoding = 4; lastKnownFileType = sourcecode.c.objc; path = IQKeyboardManager.m; sourceTree = "<group>"; };
		BD2859DE1E0CFE50002169E0 /* IQKeyboardReturnKeyHandler.h */ = {isa = PBXFileReference; fileEncoding = 4; lastKnownFileType = sourcecode.c.h; path = IQKeyboardReturnKeyHandler.h; sourceTree = "<group>"; };
		BD2859DF1E0CFE50002169E0 /* IQKeyboardReturnKeyHandler.m */ = {isa = PBXFileReference; fileEncoding = 4; lastKnownFileType = sourcecode.c.objc; path = IQKeyboardReturnKeyHandler.m; sourceTree = "<group>"; };
		BD2859E11E0CFE50002169E0 /* IQTextView.h */ = {isa = PBXFileReference; fileEncoding = 4; lastKnownFileType = sourcecode.c.h; path = IQTextView.h; sourceTree = "<group>"; };
		BD2859E21E0CFE50002169E0 /* IQTextView.m */ = {isa = PBXFileReference; fileEncoding = 4; lastKnownFileType = sourcecode.c.objc; path = IQTextView.m; sourceTree = "<group>"; };
		BD2859E41E0CFE50002169E0 /* IQBarButtonItem.h */ = {isa = PBXFileReference; fileEncoding = 4; lastKnownFileType = sourcecode.c.h; path = IQBarButtonItem.h; sourceTree = "<group>"; };
		BD2859E51E0CFE50002169E0 /* IQBarButtonItem.m */ = {isa = PBXFileReference; fileEncoding = 4; lastKnownFileType = sourcecode.c.objc; path = IQBarButtonItem.m; sourceTree = "<group>"; };
		BD2859E61E0CFE50002169E0 /* IQPreviousNextView.h */ = {isa = PBXFileReference; fileEncoding = 4; lastKnownFileType = sourcecode.c.h; path = IQPreviousNextView.h; sourceTree = "<group>"; };
		BD2859E71E0CFE50002169E0 /* IQPreviousNextView.m */ = {isa = PBXFileReference; fileEncoding = 4; lastKnownFileType = sourcecode.c.objc; path = IQPreviousNextView.m; sourceTree = "<group>"; };
		BD2859E81E0CFE50002169E0 /* IQTitleBarButtonItem.h */ = {isa = PBXFileReference; fileEncoding = 4; lastKnownFileType = sourcecode.c.h; path = IQTitleBarButtonItem.h; sourceTree = "<group>"; };
		BD2859E91E0CFE50002169E0 /* IQTitleBarButtonItem.m */ = {isa = PBXFileReference; fileEncoding = 4; lastKnownFileType = sourcecode.c.objc; path = IQTitleBarButtonItem.m; sourceTree = "<group>"; };
		BD2859EA1E0CFE50002169E0 /* IQToolbar.h */ = {isa = PBXFileReference; fileEncoding = 4; lastKnownFileType = sourcecode.c.h; path = IQToolbar.h; sourceTree = "<group>"; };
		BD2859EB1E0CFE50002169E0 /* IQToolbar.m */ = {isa = PBXFileReference; fileEncoding = 4; lastKnownFileType = sourcecode.c.objc; path = IQToolbar.m; sourceTree = "<group>"; };
		BD2859EC1E0CFE50002169E0 /* IQUIView+IQKeyboardToolbar.h */ = {isa = PBXFileReference; fileEncoding = 4; lastKnownFileType = sourcecode.c.h; path = "IQUIView+IQKeyboardToolbar.h"; sourceTree = "<group>"; };
		BD2859ED1E0CFE50002169E0 /* IQUIView+IQKeyboardToolbar.m */ = {isa = PBXFileReference; fileEncoding = 4; lastKnownFileType = sourcecode.c.objc; path = "IQUIView+IQKeyboardToolbar.m"; sourceTree = "<group>"; };
		BD2859EF1E0CFE50002169E0 /* IQKeyboardManager.bundle */ = {isa = PBXFileReference; lastKnownFileType = "wrapper.plug-in"; path = IQKeyboardManager.bundle; sourceTree = "<group>"; };
		BD2859F11E0CFE50002169E0 /* MJExtension.h */ = {isa = PBXFileReference; fileEncoding = 4; lastKnownFileType = sourcecode.c.h; path = MJExtension.h; sourceTree = "<group>"; };
		BD2859F21E0CFE50002169E0 /* MJExtensionConst.h */ = {isa = PBXFileReference; fileEncoding = 4; lastKnownFileType = sourcecode.c.h; path = MJExtensionConst.h; sourceTree = "<group>"; };
		BD2859F31E0CFE50002169E0 /* MJExtensionConst.m */ = {isa = PBXFileReference; fileEncoding = 4; lastKnownFileType = sourcecode.c.objc; path = MJExtensionConst.m; sourceTree = "<group>"; };
		BD2859F41E0CFE50002169E0 /* MJFoundation.h */ = {isa = PBXFileReference; fileEncoding = 4; lastKnownFileType = sourcecode.c.h; path = MJFoundation.h; sourceTree = "<group>"; };
		BD2859F51E0CFE50002169E0 /* MJFoundation.m */ = {isa = PBXFileReference; fileEncoding = 4; lastKnownFileType = sourcecode.c.objc; path = MJFoundation.m; sourceTree = "<group>"; };
		BD2859F61E0CFE50002169E0 /* MJProperty.h */ = {isa = PBXFileReference; fileEncoding = 4; lastKnownFileType = sourcecode.c.h; path = MJProperty.h; sourceTree = "<group>"; };
		BD2859F71E0CFE50002169E0 /* MJProperty.m */ = {isa = PBXFileReference; fileEncoding = 4; lastKnownFileType = sourcecode.c.objc; path = MJProperty.m; sourceTree = "<group>"; };
		BD2859F81E0CFE50002169E0 /* MJPropertyKey.h */ = {isa = PBXFileReference; fileEncoding = 4; lastKnownFileType = sourcecode.c.h; path = MJPropertyKey.h; sourceTree = "<group>"; };
		BD2859F91E0CFE50002169E0 /* MJPropertyKey.m */ = {isa = PBXFileReference; fileEncoding = 4; lastKnownFileType = sourcecode.c.objc; path = MJPropertyKey.m; sourceTree = "<group>"; };
		BD2859FA1E0CFE50002169E0 /* MJPropertyType.h */ = {isa = PBXFileReference; fileEncoding = 4; lastKnownFileType = sourcecode.c.h; path = MJPropertyType.h; sourceTree = "<group>"; };
		BD2859FB1E0CFE50002169E0 /* MJPropertyType.m */ = {isa = PBXFileReference; fileEncoding = 4; lastKnownFileType = sourcecode.c.objc; path = MJPropertyType.m; sourceTree = "<group>"; };
		BD2859FC1E0CFE50002169E0 /* NSObject+MJClass.h */ = {isa = PBXFileReference; fileEncoding = 4; lastKnownFileType = sourcecode.c.h; path = "NSObject+MJClass.h"; sourceTree = "<group>"; };
		BD2859FD1E0CFE50002169E0 /* NSObject+MJClass.m */ = {isa = PBXFileReference; fileEncoding = 4; lastKnownFileType = sourcecode.c.objc; path = "NSObject+MJClass.m"; sourceTree = "<group>"; };
		BD2859FE1E0CFE50002169E0 /* NSObject+MJCoding.h */ = {isa = PBXFileReference; fileEncoding = 4; lastKnownFileType = sourcecode.c.h; path = "NSObject+MJCoding.h"; sourceTree = "<group>"; };
		BD2859FF1E0CFE50002169E0 /* NSObject+MJCoding.m */ = {isa = PBXFileReference; fileEncoding = 4; lastKnownFileType = sourcecode.c.objc; path = "NSObject+MJCoding.m"; sourceTree = "<group>"; };
		BD285A001E0CFE50002169E0 /* NSObject+MJKeyValue.h */ = {isa = PBXFileReference; fileEncoding = 4; lastKnownFileType = sourcecode.c.h; path = "NSObject+MJKeyValue.h"; sourceTree = "<group>"; };
		BD285A011E0CFE50002169E0 /* NSObject+MJKeyValue.m */ = {isa = PBXFileReference; fileEncoding = 4; lastKnownFileType = sourcecode.c.objc; path = "NSObject+MJKeyValue.m"; sourceTree = "<group>"; };
		BD285A021E0CFE50002169E0 /* NSObject+MJProperty.h */ = {isa = PBXFileReference; fileEncoding = 4; lastKnownFileType = sourcecode.c.h; path = "NSObject+MJProperty.h"; sourceTree = "<group>"; };
		BD285A031E0CFE50002169E0 /* NSObject+MJProperty.m */ = {isa = PBXFileReference; fileEncoding = 4; lastKnownFileType = sourcecode.c.objc; path = "NSObject+MJProperty.m"; sourceTree = "<group>"; };
		BD285A041E0CFE50002169E0 /* NSString+MJExtension.h */ = {isa = PBXFileReference; fileEncoding = 4; lastKnownFileType = sourcecode.c.h; path = "NSString+MJExtension.h"; sourceTree = "<group>"; };
		BD285A051E0CFE50002169E0 /* NSString+MJExtension.m */ = {isa = PBXFileReference; fileEncoding = 4; lastKnownFileType = sourcecode.c.objc; path = "NSString+MJExtension.m"; sourceTree = "<group>"; };
		BD285A1F1E0CFE5B002169E0 /* Header.h */ = {isa = PBXFileReference; fileEncoding = 4; lastKnownFileType = sourcecode.c.h; path = Header.h; sourceTree = "<group>"; };
		BD285A201E0CFFA7002169E0 /* ShowTableViewCell.xib */ = {isa = PBXFileReference; fileEncoding = 4; lastKnownFileType = file.xib; path = ShowTableViewCell.xib; sourceTree = "<group>"; };
		BD285A221E0D002F002169E0 /* ViewController.xib */ = {isa = PBXFileReference; fileEncoding = 4; lastKnownFileType = file.xib; path = ViewController.xib; sourceTree = "<group>"; };
/* End PBXFileReference section */

/* Begin PBXFrameworksBuildPhase section */
		BD0B7A101E0A0DDC0096A919 /* Frameworks */ = {
			isa = PBXFrameworksBuildPhase;
			buildActionMask = 2147483647;
			files = (
			);
			runOnlyForDeploymentPostprocessing = 0;
		};
		BD0B7A291E0A0DDC0096A919 /* Frameworks */ = {
			isa = PBXFrameworksBuildPhase;
			buildActionMask = 2147483647;
			files = (
			);
			runOnlyForDeploymentPostprocessing = 0;
		};
		BD0B7A341E0A0DDC0096A919 /* Frameworks */ = {
			isa = PBXFrameworksBuildPhase;
			buildActionMask = 2147483647;
			files = (
			);
			runOnlyForDeploymentPostprocessing = 0;
		};
/* End PBXFrameworksBuildPhase section */

/* Begin PBXGroup section */
		BD0B7A0A1E0A0DDC0096A919 = {
			isa = PBXGroup;
			children = (
				BD0B7A151E0A0DDC0096A919 /* YZXBarChartView */,
				BD0B7A2F1E0A0DDC0096A919 /* YZXBarChartViewTests */,
				BD0B7A3A1E0A0DDC0096A919 /* YZXBarChartViewUITests */,
				BD0B7A141E0A0DDC0096A919 /* Products */,
			);
			sourceTree = "<group>";
		};
		BD0B7A141E0A0DDC0096A919 /* Products */ = {
			isa = PBXGroup;
			children = (
				BD0B7A131E0A0DDC0096A919 /* YZXBarChartView.app */,
				BD0B7A2C1E0A0DDC0096A919 /* YZXBarChartViewTests.xctest */,
				BD0B7A371E0A0DDC0096A919 /* YZXBarChartViewUITests.xctest */,
			);
			name = Products;
			sourceTree = "<group>";
		};
		BD0B7A151E0A0DDC0096A919 /* YZXBarChartView */ = {
			isa = PBXGroup;
			children = (
				BD285A1F1E0CFE5B002169E0 /* Header.h */,
				BD2859CB1E0CFE50002169E0 /* IQKeyboardManager */,
				BD2859F01E0CFE50002169E0 /* MJExtension */,
				BD0B7A191E0A0DDC0096A919 /* AppDelegate.h */,
				BD0B7A1A1E0A0DDC0096A919 /* AppDelegate.m */,
				BD0B7A1C1E0A0DDC0096A919 /* ViewController.h */,
				BD0B7A1D1E0A0DDC0096A919 /* ViewController.m */,
				BD285A221E0D002F002169E0 /* ViewController.xib */,
				BD2859C21E0CFE3A002169E0 /* DataModel.h */,
				BD2859C31E0CFE3A002169E0 /* DataModel.m */,
				BD2859C41E0CFE3A002169E0 /* ShowTableViewCell.h */,
				BD2859C51E0CFE3A002169E0 /* ShowTableViewCell.m */,
				BD285A201E0CFFA7002169E0 /* ShowTableViewCell.xib */,
				BD2859C61E0CFE3A002169E0 /* ShowViewController.h */,
				BD2859C71E0CFE3A002169E0 /* ShowViewController.m */,
				BD2859BA1E0CB20A002169E0 /* YZXBarChartView */,
				BD0B7A221E0A0DDC0096A919 /* Assets.xcassets */,
				BD0B7A241E0A0DDC0096A919 /* LaunchScreen.storyboard */,
				BD0B7A271E0A0DDC0096A919 /* Info.plist */,
				BD0B7A161E0A0DDC0096A919 /* Supporting Files */,
			);
			path = YZXBarChartView;
			sourceTree = "<group>";
		};
		BD0B7A161E0A0DDC0096A919 /* Supporting Files */ = {
			isa = PBXGroup;
			children = (
				BD0B7A171E0A0DDC0096A919 /* main.m */,
			);
			name = "Supporting Files";
			sourceTree = "<group>";
		};
		BD0B7A2F1E0A0DDC0096A919 /* YZXBarChartViewTests */ = {
			isa = PBXGroup;
			children = (
				BD0B7A301E0A0DDC0096A919 /* YZXBarChartViewTests.m */,
				BD0B7A321E0A0DDC0096A919 /* Info.plist */,
			);
			path = YZXBarChartViewTests;
			sourceTree = "<group>";
		};
		BD0B7A3A1E0A0DDC0096A919 /* YZXBarChartViewUITests */ = {
			isa = PBXGroup;
			children = (
				BD0B7A3B1E0A0DDC0096A919 /* YZXBarChartViewUITests.m */,
				BD0B7A3D1E0A0DDC0096A919 /* Info.plist */,
			);
			path = YZXBarChartViewUITests;
			sourceTree = "<group>";
		};
		BD2859BA1E0CB20A002169E0 /* YZXBarChartView */ = {
			isa = PBXGroup;
			children = (
				BD2859BB1E0CB21E002169E0 /* YZXBarChartView.h */,
				BD2859BC1E0CB21E002169E0 /* YZXBarChartView.m */,
			);
			path = YZXBarChartView;
			sourceTree = "<group>";
		};
		BD2859CB1E0CFE50002169E0 /* IQKeyboardManager */ = {
			isa = PBXGroup;
			children = (
				BD2859CC1E0CFE50002169E0 /* Categories */,
				BD2859D91E0CFE50002169E0 /* Constants */,
				BD2859DC1E0CFE50002169E0 /* IQKeyboardManager.h */,
				BD2859DD1E0CFE50002169E0 /* IQKeyboardManager.m */,
				BD2859DE1E0CFE50002169E0 /* IQKeyboardReturnKeyHandler.h */,
				BD2859DF1E0CFE50002169E0 /* IQKeyboardReturnKeyHandler.m */,
				BD2859E01E0CFE50002169E0 /* IQTextView */,
				BD2859E31E0CFE50002169E0 /* IQToolbar */,
				BD2859EE1E0CFE50002169E0 /* Resources */,
			);
			path = IQKeyboardManager;
			sourceTree = "<group>";
		};
		BD2859CC1E0CFE50002169E0 /* Categories */ = {
			isa = PBXGroup;
			children = (
				BD2859CD1E0CFE50002169E0 /* IQNSArray+Sort.h */,
				BD2859CE1E0CFE50002169E0 /* IQNSArray+Sort.m */,
				BD2859CF1E0CFE50002169E0 /* IQUIScrollView+Additions.h */,
				BD2859D01E0CFE50002169E0 /* IQUIScrollView+Additions.m */,
				BD2859D11E0CFE50002169E0 /* IQUITextFieldView+Additions.h */,
				BD2859D21E0CFE50002169E0 /* IQUITextFieldView+Additions.m */,
				BD2859D31E0CFE50002169E0 /* IQUIView+Hierarchy.h */,
				BD2859D41E0CFE50002169E0 /* IQUIView+Hierarchy.m */,
				BD2859D51E0CFE50002169E0 /* IQUIViewController+Additions.h */,
				BD2859D61E0CFE50002169E0 /* IQUIViewController+Additions.m */,
				BD2859D71E0CFE50002169E0 /* IQUIWindow+Hierarchy.h */,
				BD2859D81E0CFE50002169E0 /* IQUIWindow+Hierarchy.m */,
			);
			path = Categories;
			sourceTree = "<group>";
		};
		BD2859D91E0CFE50002169E0 /* Constants */ = {
			isa = PBXGroup;
			children = (
				BD2859DA1E0CFE50002169E0 /* IQKeyboardManagerConstants.h */,
				BD2859DB1E0CFE50002169E0 /* IQKeyboardManagerConstantsInternal.h */,
			);
			path = Constants;
			sourceTree = "<group>";
		};
		BD2859E01E0CFE50002169E0 /* IQTextView */ = {
			isa = PBXGroup;
			children = (
				BD2859E11E0CFE50002169E0 /* IQTextView.h */,
				BD2859E21E0CFE50002169E0 /* IQTextView.m */,
			);
			path = IQTextView;
			sourceTree = "<group>";
		};
		BD2859E31E0CFE50002169E0 /* IQToolbar */ = {
			isa = PBXGroup;
			children = (
				BD2859E41E0CFE50002169E0 /* IQBarButtonItem.h */,
				BD2859E51E0CFE50002169E0 /* IQBarButtonItem.m */,
				BD2859E61E0CFE50002169E0 /* IQPreviousNextView.h */,
				BD2859E71E0CFE50002169E0 /* IQPreviousNextView.m */,
				BD2859E81E0CFE50002169E0 /* IQTitleBarButtonItem.h */,
				BD2859E91E0CFE50002169E0 /* IQTitleBarButtonItem.m */,
				BD2859EA1E0CFE50002169E0 /* IQToolbar.h */,
				BD2859EB1E0CFE50002169E0 /* IQToolbar.m */,
				BD2859EC1E0CFE50002169E0 /* IQUIView+IQKeyboardToolbar.h */,
				BD2859ED1E0CFE50002169E0 /* IQUIView+IQKeyboardToolbar.m */,
			);
			path = IQToolbar;
			sourceTree = "<group>";
		};
		BD2859EE1E0CFE50002169E0 /* Resources */ = {
			isa = PBXGroup;
			children = (
				BD2859EF1E0CFE50002169E0 /* IQKeyboardManager.bundle */,
			);
			path = Resources;
			sourceTree = "<group>";
		};
		BD2859F01E0CFE50002169E0 /* MJExtension */ = {
			isa = PBXGroup;
			children = (
				BD2859F11E0CFE50002169E0 /* MJExtension.h */,
				BD2859F21E0CFE50002169E0 /* MJExtensionConst.h */,
				BD2859F31E0CFE50002169E0 /* MJExtensionConst.m */,
				BD2859F41E0CFE50002169E0 /* MJFoundation.h */,
				BD2859F51E0CFE50002169E0 /* MJFoundation.m */,
				BD2859F61E0CFE50002169E0 /* MJProperty.h */,
				BD2859F71E0CFE50002169E0 /* MJProperty.m */,
				BD2859F81E0CFE50002169E0 /* MJPropertyKey.h */,
				BD2859F91E0CFE50002169E0 /* MJPropertyKey.m */,
				BD2859FA1E0CFE50002169E0 /* MJPropertyType.h */,
				BD2859FB1E0CFE50002169E0 /* MJPropertyType.m */,
				BD2859FC1E0CFE50002169E0 /* NSObject+MJClass.h */,
				BD2859FD1E0CFE50002169E0 /* NSObject+MJClass.m */,
				BD2859FE1E0CFE50002169E0 /* NSObject+MJCoding.h */,
				BD2859FF1E0CFE50002169E0 /* NSObject+MJCoding.m */,
				BD285A001E0CFE50002169E0 /* NSObject+MJKeyValue.h */,
				BD285A011E0CFE50002169E0 /* NSObject+MJKeyValue.m */,
				BD285A021E0CFE50002169E0 /* NSObject+MJProperty.h */,
				BD285A031E0CFE50002169E0 /* NSObject+MJProperty.m */,
				BD285A041E0CFE50002169E0 /* NSString+MJExtension.h */,
				BD285A051E0CFE50002169E0 /* NSString+MJExtension.m */,
			);
			path = MJExtension;
			sourceTree = "<group>";
		};
/* End PBXGroup section */

/* Begin PBXNativeTarget section */
		BD0B7A121E0A0DDC0096A919 /* YZXBarChartView */ = {
			isa = PBXNativeTarget;
			buildConfigurationList = BD0B7A401E0A0DDC0096A919 /* Build configuration list for PBXNativeTarget "YZXBarChartView" */;
			buildPhases = (
				BD0B7A0F1E0A0DDC0096A919 /* Sources */,
				BD0B7A101E0A0DDC0096A919 /* Frameworks */,
				BD0B7A111E0A0DDC0096A919 /* Resources */,
			);
			buildRules = (
			);
			dependencies = (
			);
			name = YZXBarChartView;
			productName = YZXBarChartView;
			productReference = BD0B7A131E0A0DDC0096A919 /* YZXBarChartView.app */;
			productType = "com.apple.product-type.application";
		};
		BD0B7A2B1E0A0DDC0096A919 /* YZXBarChartViewTests */ = {
			isa = PBXNativeTarget;
			buildConfigurationList = BD0B7A431E0A0DDC0096A919 /* Build configuration list for PBXNativeTarget "YZXBarChartViewTests" */;
			buildPhases = (
				BD0B7A281E0A0DDC0096A919 /* Sources */,
				BD0B7A291E0A0DDC0096A919 /* Frameworks */,
				BD0B7A2A1E0A0DDC0096A919 /* Resources */,
			);
			buildRules = (
			);
			dependencies = (
				BD0B7A2E1E0A0DDC0096A919 /* PBXTargetDependency */,
			);
			name = YZXBarChartViewTests;
			productName = YZXBarChartViewTests;
			productReference = BD0B7A2C1E0A0DDC0096A919 /* YZXBarChartViewTests.xctest */;
			productType = "com.apple.product-type.bundle.unit-test";
		};
		BD0B7A361E0A0DDC0096A919 /* YZXBarChartViewUITests */ = {
			isa = PBXNativeTarget;
			buildConfigurationList = BD0B7A461E0A0DDC0096A919 /* Build configuration list for PBXNativeTarget "YZXBarChartViewUITests" */;
			buildPhases = (
				BD0B7A331E0A0DDC0096A919 /* Sources */,
				BD0B7A341E0A0DDC0096A919 /* Frameworks */,
				BD0B7A351E0A0DDC0096A919 /* Resources */,
			);
			buildRules = (
			);
			dependencies = (
				BD0B7A391E0A0DDC0096A919 /* PBXTargetDependency */,
			);
			name = YZXBarChartViewUITests;
			productName = YZXBarChartViewUITests;
			productReference = BD0B7A371E0A0DDC0096A919 /* YZXBarChartViewUITests.xctest */;
			productType = "com.apple.product-type.bundle.ui-testing";
		};
/* End PBXNativeTarget section */

/* Begin PBXProject section */
		BD0B7A0B1E0A0DDC0096A919 /* Project object */ = {
			isa = PBXProject;
			attributes = {
				LastUpgradeCheck = 0820;
				ORGANIZATIONNAME = yinixng;
				TargetAttributes = {
					BD0B7A121E0A0DDC0096A919 = {
						CreatedOnToolsVersion = 8.2;
						DevelopmentTeam = 67FSYNPTAV;
						ProvisioningStyle = Automatic;
					};
					BD0B7A2B1E0A0DDC0096A919 = {
						CreatedOnToolsVersion = 8.2;
						ProvisioningStyle = Automatic;
						TestTargetID = BD0B7A121E0A0DDC0096A919;
					};
					BD0B7A361E0A0DDC0096A919 = {
						CreatedOnToolsVersion = 8.2;
						ProvisioningStyle = Automatic;
						TestTargetID = BD0B7A121E0A0DDC0096A919;
					};
				};
			};
			buildConfigurationList = BD0B7A0E1E0A0DDC0096A919 /* Build configuration list for PBXProject "YZXBarChartView" */;
			compatibilityVersion = "Xcode 3.2";
			developmentRegion = English;
			hasScannedForEncodings = 0;
			knownRegions = (
				en,
				Base,
			);
			mainGroup = BD0B7A0A1E0A0DDC0096A919;
			productRefGroup = BD0B7A141E0A0DDC0096A919 /* Products */;
			projectDirPath = "";
			projectRoot = "";
			targets = (
				BD0B7A121E0A0DDC0096A919 /* YZXBarChartView */,
				BD0B7A2B1E0A0DDC0096A919 /* YZXBarChartViewTests */,
				BD0B7A361E0A0DDC0096A919 /* YZXBarChartViewUITests */,
			);
		};
/* End PBXProject section */

/* Begin PBXResourcesBuildPhase section */
		BD0B7A111E0A0DDC0096A919 /* Resources */ = {
			isa = PBXResourcesBuildPhase;
			buildActionMask = 2147483647;
			files = (
				BD285A231E0D002F002169E0 /* ViewController.xib in Resources */,
				BD0B7A261E0A0DDC0096A919 /* LaunchScreen.storyboard in Resources */,
				BD0B7A231E0A0DDC0096A919 /* Assets.xcassets in Resources */,
				BD285A211E0CFFA7002169E0 /* ShowTableViewCell.xib in Resources */,
				BD285A141E0CFE50002169E0 /* IQKeyboardManager.bundle in Resources */,
			);
			runOnlyForDeploymentPostprocessing = 0;
		};
		BD0B7A2A1E0A0DDC0096A919 /* Resources */ = {
			isa = PBXResourcesBuildPhase;
			buildActionMask = 2147483647;
			files = (
			);
			runOnlyForDeploymentPostprocessing = 0;
		};
		BD0B7A351E0A0DDC0096A919 /* Resources */ = {
			isa = PBXResourcesBuildPhase;
			buildActionMask = 2147483647;
			files = (
			);
			runOnlyForDeploymentPostprocessing = 0;
		};
/* End PBXResourcesBuildPhase section */

/* Begin PBXSourcesBuildPhase section */
		BD0B7A0F1E0A0DDC0096A919 /* Sources */ = {
			isa = PBXSourcesBuildPhase;
			buildActionMask = 2147483647;
			files = (
				BD285A1B1E0CFE50002169E0 /* NSObject+MJCoding.m in Sources */,
				BD285A1A1E0CFE50002169E0 /* NSObject+MJClass.m in Sources */,
				BD285A151E0CFE50002169E0 /* MJExtensionConst.m in Sources */,
				BD285A061E0CFE50002169E0 /* IQNSArray+Sort.m in Sources */,
				BD285A0F1E0CFE50002169E0 /* IQBarButtonItem.m in Sources */,
				BD285A111E0CFE50002169E0 /* IQTitleBarButtonItem.m in Sources */,
				BD285A0E1E0CFE50002169E0 /* IQTextView.m in Sources */,
				BD285A1D1E0CFE50002169E0 /* NSObject+MJProperty.m in Sources */,
				BD285A071E0CFE50002169E0 /* IQUIScrollView+Additions.m in Sources */,
				BD285A0B1E0CFE50002169E0 /* IQUIWindow+Hierarchy.m in Sources */,
				BD2859BD1E0CB21E002169E0 /* YZXBarChartView.m in Sources */,
				BD285A091E0CFE50002169E0 /* IQUIView+Hierarchy.m in Sources */,
				BD285A1E1E0CFE50002169E0 /* NSString+MJExtension.m in Sources */,
				BD285A161E0CFE50002169E0 /* MJFoundation.m in Sources */,
				BD2859C81E0CFE3A002169E0 /* DataModel.m in Sources */,
				BD285A101E0CFE50002169E0 /* IQPreviousNextView.m in Sources */,
				BD285A131E0CFE50002169E0 /* IQUIView+IQKeyboardToolbar.m in Sources */,
				BD285A191E0CFE50002169E0 /* MJPropertyType.m in Sources */,
				BD285A081E0CFE50002169E0 /* IQUITextFieldView+Additions.m in Sources */,
				BD0B7A1E1E0A0DDC0096A919 /* ViewController.m in Sources */,
				BD285A0C1E0CFE50002169E0 /* IQKeyboardManager.m in Sources */,
				BD2859CA1E0CFE3A002169E0 /* ShowViewController.m in Sources */,
				BD285A0D1E0CFE50002169E0 /* IQKeyboardReturnKeyHandler.m in Sources */,
				BD285A121E0CFE50002169E0 /* IQToolbar.m in Sources */,
				BD285A171E0CFE50002169E0 /* MJProperty.m in Sources */,
				BD0B7A1B1E0A0DDC0096A919 /* AppDelegate.m in Sources */,
				BD2859C91E0CFE3A002169E0 /* ShowTableViewCell.m in Sources */,
				BD285A1C1E0CFE50002169E0 /* NSObject+MJKeyValue.m in Sources */,
				BD285A181E0CFE50002169E0 /* MJPropertyKey.m in Sources */,
				BD285A0A1E0CFE50002169E0 /* IQUIViewController+Additions.m in Sources */,
				BD0B7A181E0A0DDC0096A919 /* main.m in Sources */,
			);
			runOnlyForDeploymentPostprocessing = 0;
		};
		BD0B7A281E0A0DDC0096A919 /* Sources */ = {
			isa = PBXSourcesBuildPhase;
			buildActionMask = 2147483647;
			files = (
				BD0B7A311E0A0DDC0096A919 /* YZXBarChartViewTests.m in Sources */,
			);
			runOnlyForDeploymentPostprocessing = 0;
		};
		BD0B7A331E0A0DDC0096A919 /* Sources */ = {
			isa = PBXSourcesBuildPhase;
			buildActionMask = 2147483647;
			files = (
				BD0B7A3C1E0A0DDC0096A919 /* YZXBarChartViewUITests.m in Sources */,
			);
			runOnlyForDeploymentPostprocessing = 0;
		};
/* End PBXSourcesBuildPhase section */

/* Begin PBXTargetDependency section */
		BD0B7A2E1E0A0DDC0096A919 /* PBXTargetDependency */ = {
			isa = PBXTargetDependency;
			target = BD0B7A121E0A0DDC0096A919 /* YZXBarChartView */;
			targetProxy = BD0B7A2D1E0A0DDC0096A919 /* PBXContainerItemProxy */;
		};
		BD0B7A391E0A0DDC0096A919 /* PBXTargetDependency */ = {
			isa = PBXTargetDependency;
			target = BD0B7A121E0A0DDC0096A919 /* YZXBarChartView */;
			targetProxy = BD0B7A381E0A0DDC0096A919 /* PBXContainerItemProxy */;
		};
/* End PBXTargetDependency section */

/* Begin PBXVariantGroup section */
		BD0B7A241E0A0DDC0096A919 /* LaunchScreen.storyboard */ = {
			isa = PBXVariantGroup;
			children = (
				BD0B7A251E0A0DDC0096A919 /* Base */,
			);
			name = LaunchScreen.storyboard;
			sourceTree = "<group>";
		};
/* End PBXVariantGroup section */

/* Begin XCBuildConfiguration section */
		BD0B7A3E1E0A0DDC0096A919 /* Debug */ = {
			isa = XCBuildConfiguration;
			buildSettings = {
				ALWAYS_SEARCH_USER_PATHS = NO;
				CLANG_ANALYZER_NONNULL = YES;
				CLANG_CXX_LANGUAGE_STANDARD = "gnu++0x";
				CLANG_CXX_LIBRARY = "libc++";
				CLANG_ENABLE_MODULES = YES;
				CLANG_ENABLE_OBJC_ARC = YES;
				CLANG_WARN_BOOL_CONVERSION = YES;
				CLANG_WARN_CONSTANT_CONVERSION = YES;
				CLANG_WARN_DIRECT_OBJC_ISA_USAGE = YES_ERROR;
				CLANG_WARN_DOCUMENTATION_COMMENTS = YES;
				CLANG_WARN_EMPTY_BODY = YES;
				CLANG_WARN_ENUM_CONVERSION = YES;
				CLANG_WARN_INFINITE_RECURSION = YES;
				CLANG_WARN_INT_CONVERSION = YES;
				CLANG_WARN_OBJC_ROOT_CLASS = YES_ERROR;
				CLANG_WARN_SUSPICIOUS_MOVE = YES;
				CLANG_WARN_UNREACHABLE_CODE = YES;
				CLANG_WARN__DUPLICATE_METHOD_MATCH = YES;
				"CODE_SIGN_IDENTITY[sdk=iphoneos*]" = "iPhone Developer";
				COPY_PHASE_STRIP = NO;
				DEBUG_INFORMATION_FORMAT = dwarf;
				ENABLE_STRICT_OBJC_MSGSEND = YES;
				ENABLE_TESTABILITY = YES;
				GCC_C_LANGUAGE_STANDARD = gnu99;
				GCC_DYNAMIC_NO_PIC = NO;
				GCC_NO_COMMON_BLOCKS = YES;
				GCC_OPTIMIZATION_LEVEL = 0;
				GCC_PREPROCESSOR_DEFINITIONS = (
					"DEBUG=1",
					"$(inherited)",
				);
				GCC_WARN_64_TO_32_BIT_CONVERSION = YES;
				GCC_WARN_ABOUT_RETURN_TYPE = YES_ERROR;
				GCC_WARN_UNDECLARED_SELECTOR = YES;
				GCC_WARN_UNINITIALIZED_AUTOS = YES_AGGRESSIVE;
				GCC_WARN_UNUSED_FUNCTION = YES;
				GCC_WARN_UNUSED_VARIABLE = YES;
				IPHONEOS_DEPLOYMENT_TARGET = 10.2;
				MTL_ENABLE_DEBUG_INFO = YES;
				ONLY_ACTIVE_ARCH = YES;
				SDKROOT = iphoneos;
			};
			name = Debug;
		};
		BD0B7A3F1E0A0DDC0096A919 /* Release */ = {
			isa = XCBuildConfiguration;
			buildSettings = {
				ALWAYS_SEARCH_USER_PATHS = NO;
				CLANG_ANALYZER_NONNULL = YES;
				CLANG_CXX_LANGUAGE_STANDARD = "gnu++0x";
				CLANG_CXX_LIBRARY = "libc++";
				CLANG_ENABLE_MODULES = YES;
				CLANG_ENABLE_OBJC_ARC = YES;
				CLANG_WARN_BOOL_CONVERSION = YES;
				CLANG_WARN_CONSTANT_CONVERSION = YES;
				CLANG_WARN_DIRECT_OBJC_ISA_USAGE = YES_ERROR;
				CLANG_WARN_DOCUMENTATION_COMMENTS = YES;
				CLANG_WARN_EMPTY_BODY = YES;
				CLANG_WARN_ENUM_CONVERSION = YES;
				CLANG_WARN_INFINITE_RECURSION = YES;
				CLANG_WARN_INT_CONVERSION = YES;
				CLANG_WARN_OBJC_ROOT_CLASS = YES_ERROR;
				CLANG_WARN_SUSPICIOUS_MOVE = YES;
				CLANG_WARN_UNREACHABLE_CODE = YES;
				CLANG_WARN__DUPLICATE_METHOD_MATCH = YES;
				"CODE_SIGN_IDENTITY[sdk=iphoneos*]" = "iPhone Developer";
				COPY_PHASE_STRIP = NO;
				DEBUG_INFORMATION_FORMAT = "dwarf-with-dsym";
				ENABLE_NS_ASSERTIONS = NO;
				ENABLE_STRICT_OBJC_MSGSEND = YES;
				GCC_C_LANGUAGE_STANDARD = gnu99;
				GCC_NO_COMMON_BLOCKS = YES;
				GCC_WARN_64_TO_32_BIT_CONVERSION = YES;
				GCC_WARN_ABOUT_RETURN_TYPE = YES_ERROR;
				GCC_WARN_UNDECLARED_SELECTOR = YES;
				GCC_WARN_UNINITIALIZED_AUTOS = YES_AGGRESSIVE;
				GCC_WARN_UNUSED_FUNCTION = YES;
				GCC_WARN_UNUSED_VARIABLE = YES;
				IPHONEOS_DEPLOYMENT_TARGET = 10.2;
				MTL_ENABLE_DEBUG_INFO = NO;
				SDKROOT = iphoneos;
				VALIDATE_PRODUCT = YES;
			};
			name = Release;
		};
		BD0B7A411E0A0DDC0096A919 /* Debug */ = {
			isa = XCBuildConfiguration;
			buildSettings = {
				ASSETCATALOG_COMPILER_APPICON_NAME = AppIcon;
				DEVELOPMENT_TEAM = 67FSYNPTAV;
				INFOPLIST_FILE = YZXBarChartView/Info.plist;
				LD_RUNPATH_SEARCH_PATHS = "$(inherited) @executable_path/Frameworks";
				PRODUCT_BUNDLE_IDENTIFIER = yx.YZXBarChartView;
				PRODUCT_NAME = "$(TARGET_NAME)";
			};
			name = Debug;
		};
		BD0B7A421E0A0DDC0096A919 /* Release */ = {
			isa = XCBuildConfiguration;
			buildSettings = {
				ASSETCATALOG_COMPILER_APPICON_NAME = AppIcon;
				DEVELOPMENT_TEAM = 67FSYNPTAV;
				INFOPLIST_FILE = YZXBarChartView/Info.plist;
				LD_RUNPATH_SEARCH_PATHS = "$(inherited) @executable_path/Frameworks";
				PRODUCT_BUNDLE_IDENTIFIER = yx.YZXBarChartView;
				PRODUCT_NAME = "$(TARGET_NAME)";
			};
			name = Release;
		};
		BD0B7A441E0A0DDC0096A919 /* Debug */ = {
			isa = XCBuildConfiguration;
			buildSettings = {
				BUNDLE_LOADER = "$(TEST_HOST)";
				INFOPLIST_FILE = YZXBarChartViewTests/Info.plist;
				LD_RUNPATH_SEARCH_PATHS = "$(inherited) @executable_path/Frameworks @loader_path/Frameworks";
				PRODUCT_BUNDLE_IDENTIFIER = yx.YZXBarChartViewTests;
				PRODUCT_NAME = "$(TARGET_NAME)";
				TEST_HOST = "$(BUILT_PRODUCTS_DIR)/YZXBarChartView.app/YZXBarChartView";
			};
			name = Debug;
		};
		BD0B7A451E0A0DDC0096A919 /* Release */ = {
			isa = XCBuildConfiguration;
			buildSettings = {
				BUNDLE_LOADER = "$(TEST_HOST)";
				INFOPLIST_FILE = YZXBarChartViewTests/Info.plist;
				LD_RUNPATH_SEARCH_PATHS = "$(inherited) @executable_path/Frameworks @loader_path/Frameworks";
				PRODUCT_BUNDLE_IDENTIFIER = yx.YZXBarChartViewTests;
				PRODUCT_NAME = "$(TARGET_NAME)";
				TEST_HOST = "$(BUILT_PRODUCTS_DIR)/YZXBarChartView.app/YZXBarChartView";
			};
			name = Release;
		};
		BD0B7A471E0A0DDC0096A919 /* Debug */ = {
			isa = XCBuildConfiguration;
			buildSettings = {
				INFOPLIST_FILE = YZXBarChartViewUITests/Info.plist;
				LD_RUNPATH_SEARCH_PATHS = "$(inherited) @executable_path/Frameworks @loader_path/Frameworks";
				PRODUCT_BUNDLE_IDENTIFIER = yx.YZXBarChartViewUITests;
				PRODUCT_NAME = "$(TARGET_NAME)";
				TEST_TARGET_NAME = YZXBarChartView;
			};
			name = Debug;
		};
		BD0B7A481E0A0DDC0096A919 /* Release */ = {
			isa = XCBuildConfiguration;
			buildSettings = {
				INFOPLIST_FILE = YZXBarChartViewUITests/Info.plist;
				LD_RUNPATH_SEARCH_PATHS = "$(inherited) @executable_path/Frameworks @loader_path/Frameworks";
				PRODUCT_BUNDLE_IDENTIFIER = yx.YZXBarChartViewUITests;
				PRODUCT_NAME = "$(TARGET_NAME)";
				TEST_TARGET_NAME = YZXBarChartView;
			};
			name = Release;
		};
/* End XCBuildConfiguration section */

/* Begin XCConfigurationList section */
		BD0B7A0E1E0A0DDC0096A919 /* Build configuration list for PBXProject "YZXBarChartView" */ = {
			isa = XCConfigurationList;
			buildConfigurations = (
				BD0B7A3E1E0A0DDC0096A919 /* Debug */,
				BD0B7A3F1E0A0DDC0096A919 /* Release */,
			);
			defaultConfigurationIsVisible = 0;
			defaultConfigurationName = Release;
		};
		BD0B7A401E0A0DDC0096A919 /* Build configuration list for PBXNativeTarget "YZXBarChartView" */ = {
			isa = XCConfigurationList;
			buildConfigurations = (
				BD0B7A411E0A0DDC0096A919 /* Debug */,
				BD0B7A421E0A0DDC0096A919 /* Release */,
			);
			defaultConfigurationIsVisible = 0;
			defaultConfigurationName = Release;
		};
		BD0B7A431E0A0DDC0096A919 /* Build configuration list for PBXNativeTarget "YZXBarChartViewTests" */ = {
			isa = XCConfigurationList;
			buildConfigurations = (
				BD0B7A441E0A0DDC0096A919 /* Debug */,
				BD0B7A451E0A0DDC0096A919 /* Release */,
			);
			defaultConfigurationIsVisible = 0;
			defaultConfigurationName = Release;
		};
		BD0B7A461E0A0DDC0096A919 /* Build configuration list for PBXNativeTarget "YZXBarChartViewUITests" */ = {
			isa = XCConfigurationList;
			buildConfigurations = (
				BD0B7A471E0A0DDC0096A919 /* Debug */,
				BD0B7A481E0A0DDC0096A919 /* Release */,
			);
			defaultConfigurationIsVisible = 0;
			defaultConfigurationName = Release;
		};
/* End XCConfigurationList section */
	};
	rootObject = BD0B7A0B1E0A0DDC0096A919 /* Project object */;
}
